// !$*UTF8*$!
{
	archiveVersion = 1;
	classes = {
	};
	objectVersion = 77;
	objects = {

/* Begin PBXBuildFile section */
		06C6D73A88695650D5886B63 /* HEVCConverter.swift in Sources */ = {isa = PBXBuildFile; fileRef = 65B73C2677F75E378318C633 /* HEVCConverter.swift */; };
		0C4A9F459246BC367CE39908 /* WeatherService.swift in Sources */ = {isa = PBXBuildFile; fileRef = 14337531FF2FBA4D36B5B074 /* WeatherService.swift */; };
		1FE0B71E7F5FC75271E06362 /* ScreenManager.swift in Sources */ = {isa = PBXBuildFile; fileRef = C8F4F18F2B706FCEEE9F53BC /* ScreenManager.swift */; };
		2CB47DDE0CCC2CF904DADE56 /* AeroWallApp.swift in Sources */ = {isa = PBXBuildFile; fileRef = 2CBA1B46FE2D336406D1E192 /* AeroWallApp.swift */; };
		49548DE94A0D62086977A246 /* PauseController.swift in Sources */ = {isa = PBXBuildFile; fileRef = 2F09AA30FCDEE7AD406A110B /* PauseController.swift */; };
		944153DB6D589FEF368DF83D /* VideoImporter.swift in Sources */ = {isa = PBXBuildFile; fileRef = AFC94C73D45BA7FFD4DAE600 /* VideoImporter.swift */; };
		B49570C70681CFFF075926F8 /* AppDelegate.swift in Sources */ = {isa = PBXBuildFile; fileRef = 832EB5CA6E7657F2C2680FA0 /* AppDelegate.swift */; };
		B79FDD3A3232DDD82D9C94CC /* AppearanceObserver.swift in Sources */ = {isa = PBXBuildFile; fileRef = 41EF84752CA93D042F59E046 /* AppearanceObserver.swift */; };
		D81C18FC6E52D57220907F03 /* WallpaperWindow.swift in Sources */ = {isa = PBXBuildFile; fileRef = 47C2C5667CBDCD79B654071E /* WallpaperWindow.swift */; };
		E4CDBCF799E74E591663F041 /* ParticleScene.swift in Sources */ = {isa = PBXBuildFile; fileRef = 222FEA3695677EFC676A6BC3 /* ParticleScene.swift */; };
		E873734784CDB82A37266043 /* PlaylistManager.swift in Sources */ = {isa = PBXBuildFile; fileRef = CEE05D8910FA569EBA84E840 /* PlaylistManager.swift */; };
		EFA52ED331551050F056835F /* SettingsView.swift in Sources */ = {isa = PBXBuildFile; fileRef = 03B2E595024F65BEDE221450 /* SettingsView.swift */; };
/* End PBXBuildFile section */

/* Begin PBXFileReference section */
		03B2E595024F65BEDE221450 /* SettingsView.swift */ = {isa = PBXFileReference; lastKnownFileType = sourcecode.swift; path = SettingsView.swift; sourceTree = "<group>"; };
		14337531FF2FBA4D36B5B074 /* WeatherService.swift */ = {isa = PBXFileReference; lastKnownFileType = sourcecode.swift; path = WeatherService.swift; sourceTree = "<group>"; };
		192A03D56CEE94BAD06D69A7 /* AeroWall.app */ = {isa = PBXFileReference; explicitFileType = wrapper.application; includeInIndex = 0; path = AeroWall.app; sourceTree = BUILT_PRODUCTS_DIR; };
		222FEA3695677EFC676A6BC3 /* ParticleScene.swift */ = {isa = PBXFileReference; lastKnownFileType = sourcecode.swift; path = ParticleScene.swift; sourceTree = "<group>"; };
		2CBA1B46FE2D336406D1E192 /* AeroWallApp.swift */ = {isa = PBXFileReference; lastKnownFileType = sourcecode.swift; path = AeroWallApp.swift; sourceTree = "<group>"; };
		2F09AA30FCDEE7AD406A110B /* PauseController.swift */ = {isa = PBXFileReference; lastKnownFileType = sourcecode.swift; path = PauseController.swift; sourceTree = "<group>"; };
		41EF84752CA93D042F59E046 /* AppearanceObserver.swift */ = {isa = PBXFileReference; lastKnownFileType = sourcecode.swift; path = AppearanceObserver.swift; sourceTree = "<group>"; };
		47C2C5667CBDCD79B654071E /* WallpaperWindow.swift */ = {isa = PBXFileReference; lastKnownFileType = sourcecode.swift; path = WallpaperWindow.swift; sourceTree = "<group>"; };
		65B73C2677F75E378318C633 /* HEVCConverter.swift */ = {isa = PBXFileReference; lastKnownFileType = sourcecode.swift; path = HEVCConverter.swift; sourceTree = "<group>"; };
		832EB5CA6E7657F2C2680FA0 /* AppDelegate.swift */ = {isa = PBXFileReference; lastKnownFileType = sourcecode.swift; path = AppDelegate.swift; sourceTree = "<group>"; };
		AFC94C73D45BA7FFD4DAE600 /* VideoImporter.swift */ = {isa = PBXFileReference; lastKnownFileType = sourcecode.swift; path = VideoImporter.swift; sourceTree = "<group>"; };
		B4A27001C77A5FD38BE9F8D0 /* Info.plist */ = {isa = PBXFileReference; lastKnownFileType = text.plist; path = Info.plist; sourceTree = "<group>"; };
		C8F4F18F2B706FCEEE9F53BC /* ScreenManager.swift */ = {isa = PBXFileReference; lastKnownFileType = sourcecode.swift; path = ScreenManager.swift; sourceTree = "<group>"; };
		CEE05D8910FA569EBA84E840 /* PlaylistManager.swift */ = {isa = PBXFileReference; lastKnownFileType = sourcecode.swift; path = PlaylistManager.swift; sourceTree = "<group>"; };
/* End PBXFileReference section */

/* Begin PBXGroup section */
		06B319BEA5B4F4719FD17FEA = {
			isa = PBXGroup;
			children = (
				AE8A965A3E1412D05117EB53 /* AeroWall */,
				A826E9F22BA03ACA6A952F91 /* Products */,
			);
			sourceTree = "<group>";
		};
		3ED87359D7B2777B5D585D93 /* Scheduling */ = {
			isa = PBXGroup;
			children = (
				41EF84752CA93D042F59E046 /* AppearanceObserver.swift */,
				CEE05D8910FA569EBA84E840 /* PlaylistManager.swift */,
			);
			path = Scheduling;
			sourceTree = "<group>";
		};
		8A7E1ABFD251891DA5065726 /* Power */ = {
			isa = PBXGroup;
			children = (
				2F09AA30FCDEE7AD406A110B /* PauseController.swift */,
			);
			path = Power;
			sourceTree = "<group>";
		};
		933E5CFEE5A079353D18053A /* Library */ = {
			isa = PBXGroup;
			children = (
				65B73C2677F75E378318C633 /* HEVCConverter.swift */,
				AFC94C73D45BA7FFD4DAE600 /* VideoImporter.swift */,
			);
			path = Library;
			sourceTree = "<group>";
		};
		9D9409A74E9A2A913240939A /* App */ = {
			isa = PBXGroup;
			children = (
				2CBA1B46FE2D336406D1E192 /* AeroWallApp.swift */,
				832EB5CA6E7657F2C2680FA0 /* AppDelegate.swift */,
			);
			path = App;
			sourceTree = "<group>";
		};
		A826E9F22BA03ACA6A952F91 /* Products */ = {
			isa = PBXGroup;
			children = (
				192A03D56CEE94BAD06D69A7 /* AeroWall.app */,
			);
			name = Products;
			sourceTree = "<group>";
		};
		AE8A965A3E1412D05117EB53 /* AeroWall */ = {
			isa = PBXGroup;
			children = (
				B4A27001C77A5FD38BE9F8D0 /* Info.plist */,
				9D9409A74E9A2A913240939A /* App */,
				BB2A6A5DD3CED3843DFEFEBB /* Effects */,
				DC010F1D9E60656E33E53CE5 /* Engine */,
				933E5CFEE5A079353D18053A /* Library */,
				8A7E1ABFD251891DA5065726 /* Power */,
				3ED87359D7B2777B5D585D93 /* Scheduling */,
				DE6E3041B1105E0EEA7894FA /* Settings */,
			);
			path = AeroWall;
			sourceTree = "<group>";
		};
		BB2A6A5DD3CED3843DFEFEBB /* Effects */ = {
			isa = PBXGroup;
			children = (
				222FEA3695677EFC676A6BC3 /* ParticleScene.swift */,
				14337531FF2FBA4D36B5B074 /* WeatherService.swift */,
			);
			path = Effects;
			sourceTree = "<group>";
		};
		DC010F1D9E60656E33E53CE5 /* Engine */ = {
			isa = PBXGroup;
			children = (
				C8F4F18F2B706FCEEE9F53BC /* ScreenManager.swift */,
				47C2C5667CBDCD79B654071E /* WallpaperWindow.swift */,
			);
			path = Engine;
			sourceTree = "<group>";
		};
		DE6E3041B1105E0EEA7894FA /* Settings */ = {
			isa = PBXGroup;
			children = (
				03B2E595024F65BEDE221450 /* SettingsView.swift */,
			);
			path = Settings;
			sourceTree = "<group>";
		};
/* End PBXGroup section */

/* Begin PBXNativeTarget section */
		4B09D48369902C1BD3680821 /* AeroWall */ = {
			isa = PBXNativeTarget;
			buildConfigurationList = EDD6600F2EA763141EACFBCA /* Build configuration list for PBXNativeTarget "AeroWall" */;
			buildPhases = (
				F5BC693A9AC311DEC80799E5 /* Sources */,
			);
			buildRules = (
			);
			dependencies = (
			);
			name = AeroWall;
			packageProductDependencies = (
			);
			productName = AeroWall;
			productReference = 192A03D56CEE94BAD06D69A7 /* AeroWall.app */;
			productType = "com.apple.product-type.application";
		};
/* End PBXNativeTarget section */

/* Begin PBXProject section */
		F3D4F289B78F75BBEC740B69 /* Project object */ = {
			isa = PBXProject;
			attributes = {
				BuildIndependentTargetsInParallel = YES;
				LastUpgradeCheck = 1430;
				TargetAttributes = {
					4B09D48369902C1BD3680821 = {
						ProvisioningStyle = Manual;
					};
				};
			};
			buildConfigurationList = DF6AD5C5522162C2694AFAE7 /* Build configuration list for PBXProject "AeroWall" */;
			developmentRegion = en;
			hasScannedForEncodings = 0;
			knownRegions = (
				Base,
				en,
			);
			mainGroup = 06B319BEA5B4F4719FD17FEA;
			minimizedProjectReferenceProxies = 1;
			preferredProjectObjectVersion = 77;
			productRefGroup = A826E9F22BA03ACA6A952F91 /* Products */;
			projectDirPath = "";
			projectRoot = "";
			targets = (
				4B09D48369902C1BD3680821 /* AeroWall */,
			);
		};
/* End PBXProject section */

/* Begin PBXSourcesBuildPhase section */
		F5BC693A9AC311DEC80799E5 /* Sources */ = {
			isa = PBXSourcesBuildPhase;
			buildActionMask = 2147483647;
			files = (
				2CB47DDE0CCC2CF904DADE56 /* AeroWallApp.swift in Sources */,
				B49570C70681CFFF075926F8 /* AppDelegate.swift in Sources */,
				B79FDD3A3232DDD82D9C94CC /* AppearanceObserver.swift in Sources */,
				06C6D73A88695650D5886B63 /* HEVCConverter.swift in Sources */,
				E4CDBCF799E74E591663F041 /* ParticleScene.swift in Sources */,
				49548DE94A0D62086977A246 /* PauseController.swift in Sources */,
				E873734784CDB82A37266043 /* PlaylistManager.swift in Sources */,
				1FE0B71E7F5FC75271E06362 /* ScreenManager.swift in Sources */,
				EFA52ED331551050F056835F /* SettingsView.swift in Sources */,
				944153DB6D589FEF368DF83D /* VideoImporter.swift in Sources */,
				D81C18FC6E52D57220907F03 /* WallpaperWindow.swift in Sources */,
				0C4A9F459246BC367CE39908 /* WeatherService.swift in Sources */,
			);
			runOnlyForDeploymentPostprocessing = 0;
		};
/* End PBXSourcesBuildPhase section */

/* Begin XCBuildConfiguration section */
		3B0BBAA2898B1B9694CA5C27 /* Debug */ = {
			isa = XCBuildConfiguration;
			buildSettings = {
				ALWAYS_SEARCH_USER_PATHS = NO;
				CLANG_ANALYZER_NONNULL = YES;
				CLANG_ANALYZER_NUMBER_OBJECT_CONVERSION = YES_AGGRESSIVE;
				CLANG_CXX_LANGUAGE_STANDARD = "gnu++14";
				CLANG_CXX_LIBRARY = "libc++";
				CLANG_ENABLE_MODULES = YES;
				CLANG_ENABLE_OBJC_ARC = YES;
				CLANG_ENABLE_OBJC_WEAK = YES;
				CLANG_WARN_BLOCK_CAPTURE_AUTORELEASING = YES;
				CLANG_WARN_BOOL_CONVERSION = YES;
				CLANG_WARN_COMMA = YES;
				CLANG_WARN_CONSTANT_CONVERSION = YES;
				CLANG_WARN_DEPRECATED_OBJC_IMPLEMENTATIONS = YES;
				CLANG_WARN_DIRECT_OBJC_ISA_USAGE = YES_ERROR;
				CLANG_WARN_DOCUMENTATION_COMMENTS = YES;
				CLANG_WARN_EMPTY_BODY = YES;
				CLANG_WARN_ENUM_CONVERSION = YES;
				CLANG_WARN_INFINITE_RECURSION = YES;
				CLANG_WARN_INT_CONVERSION = YES;
				CLANG_WARN_NON_LITERAL_NULL_CONVERSION = YES;
				CLANG_WARN_OBJC_IMPLICIT_RETAIN_SELF = YES;
				CLANG_WARN_OBJC_LITERAL_CONVERSION = YES;
				CLANG_WARN_OBJC_ROOT_CLASS = YES_ERROR;
				CLANG_WARN_QUOTED_INCLUDE_IN_FRAMEWORK_HEADER = YES;
				CLANG_WARN_RANGE_LOOP_ANALYSIS = YES;
				CLANG_WARN_STRICT_PROTOTYPES = YES;
				CLANG_WARN_SUSPICIOUS_MOVE = YES;
				CLANG_WARN_UNGUARDED_AVAILABILITY = YES_AGGRESSIVE;
				CLANG_WARN_UNREACHABLE_CODE = YES;
				CLANG_WARN__DUPLICATE_METHOD_MATCH = YES;
				COPY_PHASE_STRIP = NO;
				DEBUG_INFORMATION_FORMAT = dwarf;
				ENABLE_STRICT_OBJC_MSGSEND = YES;
				ENABLE_TESTABILITY = YES;
				GCC_C_LANGUAGE_STANDARD = gnu11;
				GCC_DYNAMIC_NO_PIC = NO;
				GCC_NO_COMMON_BLOCKS = YES;
				GCC_OPTIMIZATION_LEVEL = 0;
				GCC_PREPROCESSOR_DEFINITIONS = (
					"$(inherited)",
					"DEBUG=1",
				);
				GCC_WARN_64_TO_32_BIT_CONVERSION = YES;
				GCC_WARN_ABOUT_RETURN_TYPE = YES_ERROR;
				GCC_WARN_UNDECLARED_SELECTOR = YES;
				GCC_WARN_UNINITIALIZED_AUTOS = YES_AGGRESSIVE;
				GCC_WARN_UNUSED_FUNCTION = YES;
				GCC_WARN_UNUSED_VARIABLE = YES;
				MACOSX_DEPLOYMENT_TARGET = 14.0;
				MTL_ENABLE_DEBUG_INFO = INCLUDE_SOURCE;
				MTL_FAST_MATH = YES;
				ONLY_ACTIVE_ARCH = YES;
				PRODUCT_NAME = "$(TARGET_NAME)";
				SDKROOT = macosx;
				SWIFT_ACTIVE_COMPILATION_CONDITIONS = DEBUG;
				SWIFT_OPTIMIZATION_LEVEL = "-Onone";
				SWIFT_VERSION = 5.0;
			};
			name = Debug;
		};
		52A7C63C9BD2A26DC0261786 /* Release */ = {
			isa = XCBuildConfiguration;
			buildSettings = {
				ALWAYS_SEARCH_USER_PATHS = NO;
				CLANG_ANALYZER_NONNULL = YES;
				CLANG_ANALYZER_NUMBER_OBJECT_CONVERSION = YES_AGGRESSIVE;
				CLANG_CXX_LANGUAGE_STANDARD = "gnu++14";
				CLANG_CXX_LIBRARY = "libc++";
				CLANG_ENABLE_MODULES = YES;
				CLANG_ENABLE_OBJC_ARC = YES;
				CLANG_ENABLE_OBJC_WEAK = YES;
				CLANG_WARN_BLOCK_CAPTURE_AUTORELEASING = YES;
				CLANG_WARN_BOOL_CONVERSION = YES;
				CLANG_WARN_COMMA = YES;
				CLANG_WARN_CONSTANT_CONVERSION = YES;
				CLANG_WARN_DEPRECATED_OBJC_IMPLEMENTATIONS = YES;
				CLANG_WARN_DIRECT_OBJC_ISA_USAGE = YES_ERROR;
				CLANG_WARN_DOCUMENTATION_COMMENTS = YES;
				CLANG_WARN_EMPTY_BODY = YES;
				CLANG_WARN_ENUM_CONVERSION = YES;
				CLANG_WARN_INFINITE_RECURSION = YES;
				CLANG_WARN_INT_CONVERSION = YES;
				CLANG_WARN_NON_LITERAL_NULL_CONVERSION = YES;
				CLANG_WARN_OBJC_IMPLICIT_RETAIN_SELF = YES;
				CLANG_WARN_OBJC_LITERAL_CONVERSION = YES;
				CLANG_WARN_OBJC_ROOT_CLASS = YES_ERROR;
				CLANG_WARN_QUOTED_INCLUDE_IN_FRAMEWORK_HEADER = YES;
				CLANG_WARN_RANGE_LOOP_ANALYSIS = YES;
				CLANG_WARN_STRICT_PROTOTYPES = YES;
				CLANG_WARN_SUSPICIOUS_MOVE = YES;
				CLANG_WARN_UNGUARDED_AVAILABILITY = YES_AGGRESSIVE;
				CLANG_WARN_UNREACHABLE_CODE = YES;
				CLANG_WARN__DUPLICATE_METHOD_MATCH = YES;
				COPY_PHASE_STRIP = NO;
				DEBUG_INFORMATION_FORMAT = "dwarf-with-dsym";
				ENABLE_NS_ASSERTIONS = NO;
				ENABLE_STRICT_OBJC_MSGSEND = YES;
				GCC_C_LANGUAGE_STANDARD = gnu11;
				GCC_NO_COMMON_BLOCKS = YES;
				GCC_WARN_64_TO_32_BIT_CONVERSION = YES;
				GCC_WARN_ABOUT_RETURN_TYPE = YES_ERROR;
				GCC_WARN_UNDECLARED_SELECTOR = YES;
				GCC_WARN_UNINITIALIZED_AUTOS = YES_AGGRESSIVE;
				GCC_WARN_UNUSED_FUNCTION = YES;
				GCC_WARN_UNUSED_VARIABLE = YES;
				MACOSX_DEPLOYMENT_TARGET = 14.0;
				MTL_ENABLE_DEBUG_INFO = NO;
				MTL_FAST_MATH = YES;
				PRODUCT_NAME = "$(TARGET_NAME)";
				SDKROOT = macosx;
				SWIFT_COMPILATION_MODE = wholemodule;
				SWIFT_OPTIMIZATION_LEVEL = "-O";
				SWIFT_VERSION = 5.0;
			};
			name = Release;
		};
		6712FBE4A52C8BD713B6633E /* Debug */ = {
			isa = XCBuildConfiguration;
			buildSettings = {
				ASSETCATALOG_COMPILER_APPICON_NAME = AppIcon;
				CODE_SIGN_IDENTITY = "-";
				CODE_SIGN_STYLE = Manual;
				COMBINE_HIDPI_IMAGES = YES;
				ENABLE_HARDENED_RUNTIME = YES;
				INFOPLIST_FILE = AeroWall/Info.plist;
				LD_RUNPATH_SEARCH_PATHS = (
					"$(inherited)",
					"@executable_path/../Frameworks",
				);
				PRODUCT_BUNDLE_IDENTIFIER = com.aerowall.AeroWall;
				SDKROOT = macosx;
			};
			name = Debug;
		};
		D172548D32FBBC8F3C7ED80A /* Release */ = {
			isa = XCBuildConfiguration;
			buildSettings = {
				ASSETCATALOG_COMPILER_APPICON_NAME = AppIcon;
				CODE_SIGN_IDENTITY = "-";
				CODE_SIGN_STYLE = Manual;
				COMBINE_HIDPI_IMAGES = YES;
				ENABLE_HARDENED_RUNTIME = YES;
				INFOPLIST_FILE = AeroWall/Info.plist;
				LD_RUNPATH_SEARCH_PATHS = (
					"$(inherited)",
					"@executable_path/../Frameworks",
				);
				PRODUCT_BUNDLE_IDENTIFIER = com.aerowall.AeroWall;
				SDKROOT = macosx;
			};
			name = Release;
		};
/* End XCBuildConfiguration section */

/* Begin XCConfigurationList section */
		DF6AD5C5522162C2694AFAE7 /* Build configuration list for PBXProject "AeroWall" */ = {
			isa = XCConfigurationList;
			buildConfigurations = (
				3B0BBAA2898B1B9694CA5C27 /* Debug */,
				52A7C63C9BD2A26DC0261786 /* Release */,
			);
			defaultConfigurationIsVisible = 0;
			defaultConfigurationName = Debug;
		};
		EDD6600F2EA763141EACFBCA /* Build configuration list for PBXNativeTarget "AeroWall" */ = {
			isa = XCConfigurationList;
			buildConfigurations = (
				6712FBE4A52C8BD713B6633E /* Debug */,
				D172548D32FBBC8F3C7ED80A /* Release */,
			);
			defaultConfigurationIsVisible = 0;
			defaultConfigurationName = Debug;
		};
/* End XCConfigurationList section */
	};
	rootObject = F3D4F289B78F75BBEC740B69 /* Project object */;
}
